
Microsoft Visual Studio Solution File, Format Version 12.00
# Visual Studio Version 17
VisualStudioVersion = 17.0.31903.59
MinimumVisualStudioVersion = 10.0.40219.1
Project("{2150E333-8FDC-42A3-9474-1A3956D46DE8}") = "Order", "Order", "{FD1C9965-D821-495B-BFD6-C9E900758FB0}"
EndProject
Project("{9A19103F-16F7-4668-BE54-9A1E7A4F7556}") = "OrderAPI", "Order\OrderAPI\OrderAPI.csproj", "{A907074E-3641-41C0-9EAE-C98990A0D8B9}"
EndProject
Project("{9A19103F-16F7-4668-BE54-9A1E7A4F7556}") = "OrderApplication", "Order\OrderApplication\OrderApplication.csproj", "{A3C10953-439B-4166-9A7F-A675A3908298}"
EndProject
Project("{9A19103F-16F7-4668-BE54-9A1E7A4F7556}") = "API.Abstraction", "API.Abstraction\API.Abstraction.csproj", "{2F1A7D07-3BA4-4CA6-8101-2B6EDB2BDD4E}"
EndProject
Project("{9A19103F-16F7-4668-BE54-9A1E7A4F7556}") = "DAL", "DAL\DAL.csproj", "{5BC622BA-DB87-41DD-8385-153A4421FF23}"
EndProject
Project("{9A19103F-16F7-4668-BE54-9A1E7A4F7556}") = "TestsCore", "TestsCore\TestsCore.csproj", "{E8850F3C-C550-415F-A45B-C4CD507D84F1}"
EndProject
Project("{FAE04EC0-301F-11D3-BF4B-00C04F79EFBC}") = "OrderTests", "Order\OrderTests\OrderTests.csproj", "{9BB810F3-A22C-4BF3-AAA1-913C46EC96EC}"
EndProject
Global
	GlobalSection(SolutionConfigurationPlatforms) = preSolution
		Debug|Any CPU = Debug|Any CPU
		DebugWithTests|Any CPU = DebugWithTests|Any CPU
		Release|Any CPU = Release|Any CPU
	EndGlobalSection
	GlobalSection(ProjectConfigurationPlatforms) = postSolution
		{A907074E-3641-41C0-9EAE-C98990A0D8B9}.Debug|Any CPU.ActiveCfg = Debug|Any CPU
		{A907074E-3641-41C0-9EAE-C98990A0D8B9}.Debug|Any CPU.Build.0 = Debug|Any CPU
		{A907074E-3641-41C0-9EAE-C98990A0D8B9}.DebugWithTests|Any CPU.ActiveCfg = DebugWithTests|Any CPU
		{A907074E-3641-41C0-9EAE-C98990A0D8B9}.DebugWithTests|Any CPU.Build.0 = DebugWithTests|Any CPU
		{A907074E-3641-41C0-9EAE-C98990A0D8B9}.Release|Any CPU.ActiveCfg = Release|Any CPU
		{A907074E-3641-41C0-9EAE-C98990A0D8B9}.Release|Any CPU.Build.0 = Release|Any CPU
		{A3C10953-439B-4166-9A7F-A675A3908298}.Debug|Any CPU.ActiveCfg = Debug|Any CPU
		{A3C10953-439B-4166-9A7F-A675A3908298}.Debug|Any CPU.Build.0 = Debug|Any CPU
		{A3C10953-439B-4166-9A7F-A675A3908298}.DebugWithTests|Any CPU.ActiveCfg = DebugWithTests|Any CPU
		{A3C10953-439B-4166-9A7F-A675A3908298}.DebugWithTests|Any CPU.Build.0 = DebugWithTests|Any CPU
		{A3C10953-439B-4166-9A7F-A675A3908298}.Release|Any CPU.ActiveCfg = Release|Any CPU
		{A3C10953-439B-4166-9A7F-A675A3908298}.Release|Any CPU.Build.0 = Release|Any CPU
		{2F1A7D07-3BA4-4CA6-8101-2B6EDB2BDD4E}.Debug|Any CPU.ActiveCfg = Debug|Any CPU
		{2F1A7D07-3BA4-4CA6-8101-2B6EDB2BDD4E}.Debug|Any CPU.Build.0 = Debug|Any CPU
		{2F1A7D07-3BA4-4CA6-8101-2B6EDB2BDD4E}.DebugWithTests|Any CPU.ActiveCfg = DebugWithTests|Any CPU
		{2F1A7D07-3BA4-4CA6-8101-2B6EDB2BDD4E}.DebugWithTests|Any CPU.Build.0 = DebugWithTests|Any CPU
		{2F1A7D07-3BA4-4CA6-8101-2B6EDB2BDD4E}.Release|Any CPU.ActiveCfg = Release|Any CPU
		{2F1A7D07-3BA4-4CA6-8101-2B6EDB2BDD4E}.Release|Any CPU.Build.0 = Release|Any CPU
		{5BC622BA-DB87-41DD-8385-153A4421FF23}.Debug|Any CPU.ActiveCfg = Debug|Any CPU
		{5BC622BA-DB87-41DD-8385-153A4421FF23}.Debug|Any CPU.Build.0 = Debug|Any CPU
		{5BC622BA-DB87-41DD-8385-153A4421FF23}.DebugWithTests|Any CPU.ActiveCfg = DebugWithTests|Any CPU
		{5BC622BA-DB87-41DD-8385-153A4421FF23}.DebugWithTests|Any CPU.Build.0 = DebugWithTests|Any CPU
		{5BC622BA-DB87-41DD-8385-153A4421FF23}.Release|Any CPU.ActiveCfg = Release|Any CPU
		{5BC622BA-DB87-41DD-8385-153A4421FF23}.Release|Any CPU.Build.0 = Release|Any CPU
		{E8850F3C-C550-415F-A45B-C4CD507D84F1}.Debug|Any CPU.ActiveCfg = Debug|Any CPU
		{E8850F3C-C550-415F-A45B-C4CD507D84F1}.DebugWithTests|Any CPU.ActiveCfg = DebugWithTests|Any CPU
		{E8850F3C-C550-415F-A45B-C4CD507D84F1}.DebugWithTests|Any CPU.Build.0 = DebugWithTests|Any CPU
		{E8850F3C-C550-415F-A45B-C4CD507D84F1}.Release|Any CPU.ActiveCfg = Release|Any CPU
		{9BB810F3-A22C-4BF3-AAA1-913C46EC96EC}.Debug|Any CPU.ActiveCfg = Debug|Any CPU
		{9BB810F3-A22C-4BF3-AAA1-913C46EC96EC}.DebugWithTests|Any CPU.ActiveCfg = DebugWithTests|Any CPU
		{9BB810F3-A22C-4BF3-AAA1-913C46EC96EC}.DebugWithTests|Any CPU.Build.0 = DebugWithTests|Any CPU
		{9BB810F3-A22C-4BF3-AAA1-913C46EC96EC}.Release|Any CPU.ActiveCfg = Release|Any CPU
	EndGlobalSection
	GlobalSection(SolutionProperties) = preSolution
		HideSolutionNode = FALSE
	EndGlobalSection
	GlobalSection(NestedProjects) = preSolution
		{A907074E-3641-41C0-9EAE-C98990A0D8B9} = {FD1C9965-D821-495B-BFD6-C9E900758FB0}
		{A3C10953-439B-4166-9A7F-A675A3908298} = {FD1C9965-D821-495B-BFD6-C9E900758FB0}
		{9BB810F3-A22C-4BF3-AAA1-913C46EC96EC} = {FD1C9965-D821-495B-BFD6-C9E900758FB0}
	EndGlobalSection
	GlobalSection(ExtensibilityGlobals) = postSolution
		SolutionGuid = {E9ED28E5-CA06-4B97-BD77-33DC3D9FA95A}
	EndGlobalSection
EndGlobal
