
Microsoft Visual Studio Solution File, Format Version 12.00
# Visual Studio Version 17
VisualStudioVersion = 17.0.31903.59
MinimumVisualStudioVersion = 10.0.40219.1
Project("{2150E333-8FDC-42A3-9474-1A3956D46DE8}") = "Order", "Order", "{FD1C9965-D821-495B-BFD6-C9E900758FB0}"
EndProject
Project("{9A19103F-16F7-4668-BE54-9A1E7A4F7556}") = "OrderAPI", "Order\OrderAPI\OrderAPI.csproj", "{A907074E-3641-41C0-9EAE-C98990A0D8B9}"
EndProject
Project("{9A19103F-16F7-4668-BE54-9A1E7A4F7556}") = "OrderApplication", "Order\OrderApplication\OrderApplication.csproj", "{A3C10953-439B-4166-9A7F-A675A3908298}"
EndProject
Project("{9A19103F-16F7-4668-BE54-9A1E7A4F7556}") = "API.Abstraction", "API.Abstraction\API.Abstraction.csproj", "{2F1A7D07-3BA4-4CA6-8101-2B6EDB2BDD4E}"
EndProject
Project("{9A19103F-16F7-4668-BE54-9A1E7A4F7556}") = "DAL", "DAL\DAL.csproj", "{5BC622BA-DB87-41DD-8385-153A4421FF23}"
EndProject
Project("{9A19103F-16F7-4668-BE54-9A1E7A4F7556}") = "TestsCore", "TestsCore\TestsCore.csproj", "{E8850F3C-C550-415F-A45B-C4CD507D84F1}"
EndProject
Project("{9A19103F-16F7-4668-BE54-9A1E7A4F7556}") = "OrderTests", "Order\OrderTests\OrderTests.csproj", "{9BB810F3-A22C-4BF3-AAA1-913C46EC96EC}"
EndProject
Project("{9A19103F-16F7-4668-BE54-9A1E7A4F7556}") = "Cache.Infrastructure", "DAL.Infrastructure\Cache.Infrastructure.csproj", "{A582AE52-E3B6-401F-B419-5770C962CBB7}"
EndProject
Project("{FAE04EC0-301F-11D3-BF4B-00C04F79EFBC}") = "Notifications.Infrastructure", "Notifications\Notifications.Infrastructure\Notifications.Infrastructure.csproj", "{3BF75D3D-A8F8-4E51-8C4F-2445C4CBFF9A}"
EndProject
Project("{FAE04EC0-301F-11D3-BF4B-00C04F79EFBC}") = "DAL.Abstraction", "DAL.Abstraction\DAL.Abstraction.csproj", "{DA5EAA94-C939-82C0-0B3B-17BDD6A3C592}"
EndProject
Project("{FAE04EC0-301F-11D3-BF4B-00C04F79EFBC}") = "Notifications.Order", "Notifications.Order\Notifications.Order.csproj", "{7CF8BD97-14E5-4828-ADBA-4583354B2B39}"
EndProject
Project("{FAE04EC0-301F-11D3-BF4B-00C04F79EFBC}") = "Entities", "Entities\Entities.csproj", "{95DE3BD9-A587-35A9-17E0-3C34D2A57441}"
EndProject
Project("{FAE04EC0-301F-11D3-BF4B-00C04F79EFBC}") = "RegisterServicesSourceGenerator", "RegisterServicesSourceGenerator\RegisterServicesSourceGenerator.csproj", "{DF6A0584-EDDB-8F19-E225-D4E7F3E066E1}"
EndProject
Global
	GlobalSection(SolutionConfigurationPlatforms) = preSolution
		Debug|Any CPU = Debug|Any CPU
		DebugWithTests|Any CPU = DebugWithTests|Any CPU
		Release|Any CPU = Release|Any CPU
	EndGlobalSection
	GlobalSection(ProjectConfigurationPlatforms) = postSolution
		{A907074E-3641-41C0-9EAE-C98990A0D8B9}.Debug|Any CPU.ActiveCfg = Debug|Any CPU
		{A907074E-3641-41C0-9EAE-C98990A0D8B9}.Debug|Any CPU.Build.0 = Debug|Any CPU
		{A907074E-3641-41C0-9EAE-C98990A0D8B9}.DebugWithTests|Any CPU.ActiveCfg = DebugWithTests|Any CPU
		{A907074E-3641-41C0-9EAE-C98990A0D8B9}.DebugWithTests|Any CPU.Build.0 = DebugWithTests|Any CPU
		{A907074E-3641-41C0-9EAE-C98990A0D8B9}.Release|Any CPU.ActiveCfg = Release|Any CPU
		{A907074E-3641-41C0-9EAE-C98990A0D8B9}.Release|Any CPU.Build.0 = Release|Any CPU
		{A3C10953-439B-4166-9A7F-A675A3908298}.Debug|Any CPU.ActiveCfg = Debug|Any CPU
		{A3C10953-439B-4166-9A7F-A675A3908298}.Debug|Any CPU.Build.0 = Debug|Any CPU
		{A3C10953-439B-4166-9A7F-A675A3908298}.DebugWithTests|Any CPU.ActiveCfg = DebugWithTests|Any CPU
		{A3C10953-439B-4166-9A7F-A675A3908298}.DebugWithTests|Any CPU.Build.0 = DebugWithTests|Any CPU
		{A3C10953-439B-4166-9A7F-A675A3908298}.Release|Any CPU.ActiveCfg = Release|Any CPU
		{A3C10953-439B-4166-9A7F-A675A3908298}.Release|Any CPU.Build.0 = Release|Any CPU
		{2F1A7D07-3BA4-4CA6-8101-2B6EDB2BDD4E}.Debug|Any CPU.ActiveCfg = Debug|Any CPU
		{2F1A7D07-3BA4-4CA6-8101-2B6EDB2BDD4E}.Debug|Any CPU.Build.0 = Debug|Any CPU
		{2F1A7D07-3BA4-4CA6-8101-2B6EDB2BDD4E}.DebugWithTests|Any CPU.ActiveCfg = DebugWithTests|Any CPU
		{2F1A7D07-3BA4-4CA6-8101-2B6EDB2BDD4E}.DebugWithTests|Any CPU.Build.0 = DebugWithTests|Any CPU
		{2F1A7D07-3BA4-4CA6-8101-2B6EDB2BDD4E}.Release|Any CPU.ActiveCfg = Release|Any CPU
		{2F1A7D07-3BA4-4CA6-8101-2B6EDB2BDD4E}.Release|Any CPU.Build.0 = Release|Any CPU
		{5BC622BA-DB87-41DD-8385-153A4421FF23}.Debug|Any CPU.ActiveCfg = Debug|Any CPU
		{5BC622BA-DB87-41DD-8385-153A4421FF23}.Debug|Any CPU.Build.0 = Debug|Any CPU
		{5BC622BA-DB87-41DD-8385-153A4421FF23}.DebugWithTests|Any CPU.ActiveCfg = DebugWithTests|Any CPU
		{5BC622BA-DB87-41DD-8385-153A4421FF23}.DebugWithTests|Any CPU.Build.0 = DebugWithTests|Any CPU
		{5BC622BA-DB87-41DD-8385-153A4421FF23}.Release|Any CPU.ActiveCfg = Release|Any CPU
		{5BC622BA-DB87-41DD-8385-153A4421FF23}.Release|Any CPU.Build.0 = Release|Any CPU
		{E8850F3C-C550-415F-A45B-C4CD507D84F1}.Debug|Any CPU.ActiveCfg = Debug|Any CPU
		{E8850F3C-C550-415F-A45B-C4CD507D84F1}.DebugWithTests|Any CPU.ActiveCfg = DebugWithTests|Any CPU
		{E8850F3C-C550-415F-A45B-C4CD507D84F1}.DebugWithTests|Any CPU.Build.0 = DebugWithTests|Any CPU
		{E8850F3C-C550-415F-A45B-C4CD507D84F1}.Release|Any CPU.ActiveCfg = Release|Any CPU
		{9BB810F3-A22C-4BF3-AAA1-913C46EC96EC}.Debug|Any CPU.ActiveCfg = Debug|Any CPU
		{9BB810F3-A22C-4BF3-AAA1-913C46EC96EC}.DebugWithTests|Any CPU.ActiveCfg = DebugWithTests|Any CPU
		{9BB810F3-A22C-4BF3-AAA1-913C46EC96EC}.DebugWithTests|Any CPU.Build.0 = DebugWithTests|Any CPU
		{9BB810F3-A22C-4BF3-AAA1-913C46EC96EC}.Release|Any CPU.ActiveCfg = Release|Any CPU
		{A582AE52-E3B6-401F-B419-5770C962CBB7}.Debug|Any CPU.ActiveCfg = Debug|Any CPU
		{A582AE52-E3B6-401F-B419-5770C962CBB7}.Debug|Any CPU.Build.0 = Debug|Any CPU
		{A582AE52-E3B6-401F-B419-5770C962CBB7}.DebugWithTests|Any CPU.ActiveCfg = Debug|Any CPU
		{A582AE52-E3B6-401F-B419-5770C962CBB7}.DebugWithTests|Any CPU.Build.0 = Debug|Any CPU
		{A582AE52-E3B6-401F-B419-5770C962CBB7}.Release|Any CPU.ActiveCfg = Release|Any CPU
		{A582AE52-E3B6-401F-B419-5770C962CBB7}.Release|Any CPU.Build.0 = Release|Any CPU
		{3BF75D3D-A8F8-4E51-8C4F-2445C4CBFF9A}.Debug|Any CPU.ActiveCfg = Debug|Any CPU
		{3BF75D3D-A8F8-4E51-8C4F-2445C4CBFF9A}.Debug|Any CPU.Build.0 = Debug|Any CPU
		{3BF75D3D-A8F8-4E51-8C4F-2445C4CBFF9A}.DebugWithTests|Any CPU.ActiveCfg = Debug|Any CPU
		{3BF75D3D-A8F8-4E51-8C4F-2445C4CBFF9A}.DebugWithTests|Any CPU.Build.0 = Debug|Any CPU
		{3BF75D3D-A8F8-4E51-8C4F-2445C4CBFF9A}.Release|Any CPU.ActiveCfg = Release|Any CPU
		{3BF75D3D-A8F8-4E51-8C4F-2445C4CBFF9A}.Release|Any CPU.Build.0 = Release|Any CPU
		{DA5EAA94-C939-82C0-0B3B-17BDD6A3C592}.Debug|Any CPU.ActiveCfg = Debug|Any CPU
		{DA5EAA94-C939-82C0-0B3B-17BDD6A3C592}.Debug|Any CPU.Build.0 = Debug|Any CPU
		{DA5EAA94-C939-82C0-0B3B-17BDD6A3C592}.DebugWithTests|Any CPU.ActiveCfg = Debug|Any CPU
		{DA5EAA94-C939-82C0-0B3B-17BDD6A3C592}.DebugWithTests|Any CPU.Build.0 = Debug|Any CPU
		{DA5EAA94-C939-82C0-0B3B-17BDD6A3C592}.Release|Any CPU.ActiveCfg = Release|Any CPU
		{DA5EAA94-C939-82C0-0B3B-17BDD6A3C592}.Release|Any CPU.Build.0 = Release|Any CPU
		{7CF8BD97-14E5-4828-ADBA-4583354B2B39}.Debug|Any CPU.ActiveCfg = Debug|Any CPU
		{7CF8BD97-14E5-4828-ADBA-4583354B2B39}.Debug|Any CPU.Build.0 = Debug|Any CPU
		{7CF8BD97-14E5-4828-ADBA-4583354B2B39}.DebugWithTests|Any CPU.ActiveCfg = Debug|Any CPU
		{7CF8BD97-14E5-4828-ADBA-4583354B2B39}.DebugWithTests|Any CPU.Build.0 = Debug|Any CPU
		{7CF8BD97-14E5-4828-ADBA-4583354B2B39}.Release|Any CPU.ActiveCfg = Release|Any CPU
		{7CF8BD97-14E5-4828-ADBA-4583354B2B39}.Release|Any CPU.Build.0 = Release|Any CPU
		{95DE3BD9-A587-35A9-17E0-3C34D2A57441}.Debug|Any CPU.ActiveCfg = Debug|Any CPU
		{95DE3BD9-A587-35A9-17E0-3C34D2A57441}.Debug|Any CPU.Build.0 = Debug|Any CPU
		{95DE3BD9-A587-35A9-17E0-3C34D2A57441}.DebugWithTests|Any CPU.ActiveCfg = Debug|Any CPU
		{95DE3BD9-A587-35A9-17E0-3C34D2A57441}.DebugWithTests|Any CPU.Build.0 = Debug|Any CPU
		{95DE3BD9-A587-35A9-17E0-3C34D2A57441}.Release|Any CPU.ActiveCfg = Release|Any CPU
		{95DE3BD9-A587-35A9-17E0-3C34D2A57441}.Release|Any CPU.Build.0 = Release|Any CPU
		{DF6A0584-EDDB-8F19-E225-D4E7F3E066E1}.Debug|Any CPU.ActiveCfg = Debug|Any CPU
		{DF6A0584-EDDB-8F19-E225-D4E7F3E066E1}.Debug|Any CPU.Build.0 = Debug|Any CPU
		{DF6A0584-EDDB-8F19-E225-D4E7F3E066E1}.DebugWithTests|Any CPU.ActiveCfg = Debug|Any CPU
		{DF6A0584-EDDB-8F19-E225-D4E7F3E066E1}.DebugWithTests|Any CPU.Build.0 = Debug|Any CPU
		{DF6A0584-EDDB-8F19-E225-D4E7F3E066E1}.Release|Any CPU.ActiveCfg = Release|Any CPU
		{DF6A0584-EDDB-8F19-E225-D4E7F3E066E1}.Release|Any CPU.Build.0 = Release|Any CPU
	EndGlobalSection
	GlobalSection(SolutionProperties) = preSolution
		HideSolutionNode = FALSE
	EndGlobalSection
	GlobalSection(NestedProjects) = preSolution
		{A907074E-3641-41C0-9EAE-C98990A0D8B9} = {FD1C9965-D821-495B-BFD6-C9E900758FB0}
		{A3C10953-439B-4166-9A7F-A675A3908298} = {FD1C9965-D821-495B-BFD6-C9E900758FB0}
		{9BB810F3-A22C-4BF3-AAA1-913C46EC96EC} = {FD1C9965-D821-495B-BFD6-C9E900758FB0}
	EndGlobalSection
	GlobalSection(ExtensibilityGlobals) = postSolution
		SolutionGuid = {E9ED28E5-CA06-4B97-BD77-33DC3D9FA95A}
	EndGlobalSection
EndGlobal
