
Microsoft Visual Studio Solution File, Format Version 12.00
# Visual Studio Version 17
VisualStudioVersion = 17.0.31903.59
MinimumVisualStudioVersion = 10.0.40219.1
Project("{9A19103F-16F7-4668-BE54-9A1E7A4F7556}") = "DAL", "DAL\DAL.csproj", "{D0979436-6FAB-4342-A731-73046955D772}"
EndProject
Project("{2150E333-8FDC-42A3-9474-1A3956D46DE8}") = "Payment", "Payment", "{478CB70E-044A-499D-A471-456CE05E1E10}"
EndProject
Project("{9A19103F-16F7-4668-BE54-9A1E7A4F7556}") = "PaymentAPI", "Payment\PaymentAPI\PaymentAPI.csproj", "{7DB5E3A7-AC59-4F99-A68F-B2A7B49FF64C}"
EndProject
Project("{9A19103F-16F7-4668-BE54-9A1E7A4F7556}") = "PaymentApplication", "Payment\PaymentApplication\PaymentApplication.csproj", "{633BA532-D3E6-4B31-9BBD-67FAB60C8B76}"
EndProject
Project("{9A19103F-16F7-4668-BE54-9A1E7A4F7556}") = "TestsCore", "TestsCore\TestsCore.csproj", "{582D724C-4D9C-4772-A06C-0D3302F82576}"
EndProject
Project("{9A19103F-16F7-4668-BE54-9A1E7A4F7556}") = "PaymentTests", "Payment\PaymentTests\PaymentTests.csproj", "{6DA21A8B-C193-4962-BA08-745C9BE76D2E}"
EndProject
Project("{9A19103F-16F7-4668-BE54-9A1E7A4F7556}") = "Notifications.Infrastructure", "Notifications\Notifications.Infrastructure\Notifications.Infrastructure.csproj", "{1A058075-0765-49E3-BAD2-2ECAADB18F48}"
EndProject
Project("{FAE04EC0-301F-11D3-BF4B-00C04F79EFBC}") = "RegisterServicesSourceGenerator", "RegisterServicesSourceGenerator\RegisterServicesSourceGenerator.csproj", "{CB2D748B-CBA8-45F6-A749-4DFAE08A0001}"
EndProject
Global
	GlobalSection(SolutionConfigurationPlatforms) = preSolution
		Debug|Any CPU = Debug|Any CPU
		DebugWithTests|Any CPU = DebugWithTests|Any CPU
		Release|Any CPU = Release|Any CPU
	EndGlobalSection
	GlobalSection(ProjectConfigurationPlatforms) = postSolution
		{D0979436-6FAB-4342-A731-73046955D772}.Debug|Any CPU.ActiveCfg = Debug|Any CPU
		{D0979436-6FAB-4342-A731-73046955D772}.Debug|Any CPU.Build.0 = Debug|Any CPU
		{D0979436-6FAB-4342-A731-73046955D772}.DebugWithTests|Any CPU.ActiveCfg = DebugWithTests|Any CPU
		{D0979436-6FAB-4342-A731-73046955D772}.DebugWithTests|Any CPU.Build.0 = DebugWithTests|Any CPU
		{D0979436-6FAB-4342-A731-73046955D772}.Release|Any CPU.ActiveCfg = Release|Any CPU
		{D0979436-6FAB-4342-A731-73046955D772}.Release|Any CPU.Build.0 = Release|Any CPU
		{7DB5E3A7-AC59-4F99-A68F-B2A7B49FF64C}.Debug|Any CPU.ActiveCfg = Debug|Any CPU
		{7DB5E3A7-AC59-4F99-A68F-B2A7B49FF64C}.Debug|Any CPU.Build.0 = Debug|Any CPU
		{7DB5E3A7-AC59-4F99-A68F-B2A7B49FF64C}.DebugWithTests|Any CPU.ActiveCfg = Debug|Any CPU
		{7DB5E3A7-AC59-4F99-A68F-B2A7B49FF64C}.DebugWithTests|Any CPU.Build.0 = Debug|Any CPU
		{7DB5E3A7-AC59-4F99-A68F-B2A7B49FF64C}.Release|Any CPU.ActiveCfg = Release|Any CPU
		{7DB5E3A7-AC59-4F99-A68F-B2A7B49FF64C}.Release|Any CPU.Build.0 = Release|Any CPU
		{633BA532-D3E6-4B31-9BBD-67FAB60C8B76}.Debug|Any CPU.ActiveCfg = Debug|Any CPU
		{633BA532-D3E6-4B31-9BBD-67FAB60C8B76}.Debug|Any CPU.Build.0 = Debug|Any CPU
		{633BA532-D3E6-4B31-9BBD-67FAB60C8B76}.DebugWithTests|Any CPU.ActiveCfg = Debug|Any CPU
		{633BA532-D3E6-4B31-9BBD-67FAB60C8B76}.DebugWithTests|Any CPU.Build.0 = Debug|Any CPU
		{633BA532-D3E6-4B31-9BBD-67FAB60C8B76}.Release|Any CPU.ActiveCfg = Release|Any CPU
		{633BA532-D3E6-4B31-9BBD-67FAB60C8B76}.Release|Any CPU.Build.0 = Release|Any CPU
		{582D724C-4D9C-4772-A06C-0D3302F82576}.Debug|Any CPU.ActiveCfg = Debug|Any CPU
		{582D724C-4D9C-4772-A06C-0D3302F82576}.DebugWithTests|Any CPU.ActiveCfg = DebugWithTests|Any CPU
		{582D724C-4D9C-4772-A06C-0D3302F82576}.DebugWithTests|Any CPU.Build.0 = DebugWithTests|Any CPU
		{582D724C-4D9C-4772-A06C-0D3302F82576}.Release|Any CPU.ActiveCfg = Release|Any CPU
		{6DA21A8B-C193-4962-BA08-745C9BE76D2E}.Debug|Any CPU.ActiveCfg = Debug|Any CPU
		{6DA21A8B-C193-4962-BA08-745C9BE76D2E}.DebugWithTests|Any CPU.ActiveCfg = Debug|Any CPU
		{6DA21A8B-C193-4962-BA08-745C9BE76D2E}.DebugWithTests|Any CPU.Build.0 = Debug|Any CPU
		{6DA21A8B-C193-4962-BA08-745C9BE76D2E}.Release|Any CPU.ActiveCfg = Release|Any CPU
		{1A058075-0765-49E3-BAD2-2ECAADB18F48}.Debug|Any CPU.ActiveCfg = Debug|Any CPU
		{1A058075-0765-49E3-BAD2-2ECAADB18F48}.Debug|Any CPU.Build.0 = Debug|Any CPU
		{1A058075-0765-49E3-BAD2-2ECAADB18F48}.DebugWithTests|Any CPU.ActiveCfg = Debug|Any CPU
		{1A058075-0765-49E3-BAD2-2ECAADB18F48}.DebugWithTests|Any CPU.Build.0 = Debug|Any CPU
		{1A058075-0765-49E3-BAD2-2ECAADB18F48}.Release|Any CPU.ActiveCfg = Release|Any CPU
		{1A058075-0765-49E3-BAD2-2ECAADB18F48}.Release|Any CPU.Build.0 = Release|Any CPU
		{CB2D748B-CBA8-45F6-A749-4DFAE08A0001}.Debug|Any CPU.ActiveCfg = Debug|Any CPU
		{CB2D748B-CBA8-45F6-A749-4DFAE08A0001}.Debug|Any CPU.Build.0 = Debug|Any CPU
		{CB2D748B-CBA8-45F6-A749-4DFAE08A0001}.DebugWithTests|Any CPU.ActiveCfg = Debug|Any CPU
		{CB2D748B-CBA8-45F6-A749-4DFAE08A0001}.DebugWithTests|Any CPU.Build.0 = Debug|Any CPU
		{CB2D748B-CBA8-45F6-A749-4DFAE08A0001}.Release|Any CPU.ActiveCfg = Release|Any CPU
		{CB2D748B-CBA8-45F6-A749-4DFAE08A0001}.Release|Any CPU.Build.0 = Release|Any CPU
	EndGlobalSection
	GlobalSection(SolutionProperties) = preSolution
		HideSolutionNode = FALSE
	EndGlobalSection
	GlobalSection(NestedProjects) = preSolution
		{7DB5E3A7-AC59-4F99-A68F-B2A7B49FF64C} = {478CB70E-044A-499D-A471-456CE05E1E10}
		{633BA532-D3E6-4B31-9BBD-67FAB60C8B76} = {478CB70E-044A-499D-A471-456CE05E1E10}
		{6DA21A8B-C193-4962-BA08-745C9BE76D2E} = {478CB70E-044A-499D-A471-456CE05E1E10}
	EndGlobalSection
	GlobalSection(ExtensibilityGlobals) = postSolution
		SolutionGuid = {8E341FBA-82DF-4DB1-82C1-073102BAA4E1}
	EndGlobalSection
EndGlobal
